{
  "name": "application-name",
  "version": "0.0.1",
  "lockfileVersion": 1,
  "requires": true,
  "dependencies": {
    "@types/google-apps-script": {
      "version": "0.0.29",
      "resolved": "https://registry.npmjs.org/@types/google-apps-script/-/google-apps-script-0.0.29.tgz",
      "integrity": "sha512-tQzmIlwhY+wdvxSCoydYNpGdyqhe+xk+SCb6bZYhlakaIynujYjxdXF7/VQwuBzGb58UF6kH/NmvnI69ocA3Xg=="
    },
    "@types/node": {
      "version": "10.11.7",
      "resolved": "https://registry.npmjs.org/@types/node/-/node-10.11.7.tgz",
      "integrity": "sha512-yOxFfkN9xUFLyvWaeYj90mlqTJ41CsQzWKS3gXdOMOyPVacUsymejKxJ4/pMW7exouubuEeZLJawGgcNGYlTeg=="
    },
    "package": {
      "version": "1.0.1",
      "resolved": "https://registry.npmjs.org/package/-/package-1.0.1.tgz",
      "integrity": "sha1-0lofmeJQbcsn1nBLg9yooxLk7cw="
    }
  }
}
